{
  "object": {
    "pins": [
      {
        "package": "ChibiLink",
        "repositoryURL": "https://github.com/kateinoigakukun/chibi-link",
        "state": {
          "branch": "master",
          "revision": "4f45661cb6a2cebfe9cfcd0b60d70cfb6baefc40",
          "version": null
        }
      },
      {
        "package": "JavaScriptKit",
        "repositoryURL": "https://github.com/swiftwasm/JavaScriptKit",
        "state": {
          "branch": null,
          "revision": "c90e82fe1d576a2ccd1aae798380bf80be7885fb",
          "version": "0.5.0"
        }
      },
      {
        "package": "Runtime",
        "repositoryURL": "https://github.com/MaxDesiatov/Runtime.git",
        "state": {
          "branch": null,
          "revision": "a617ead8a125a97e69d6100e4d27922006e82e0a",
          "version": "2.1.2"
        }
      }
    ]
  },
  "version": 1
}
